
Microsoft Visual Studio Solution File, Format Version 12.00
# Visual Studio Express 14 for Windows Desktop
VisualStudioVersion = 14.0.24720.0
MinimumVisualStudioVersion = 10.0.40219.1
Project("{F184B08F-C81C-45F6-A57F-5ABD9991F28F}") = "CardDispatcherSoftware", "CardDispatcherSoftware\CardDispatcherSoftware.vbproj", "{537F2A95-C337-4221-8427-078E49106C4F}"
EndProject
Global
	GlobalSection(SolutionConfigurationPlatforms) = preSolution
		Debug|Any CPU = Debug|Any CPU
		Release|Any CPU = Release|Any CPU
	EndGlobalSection
	GlobalSection(ProjectConfigurationPlatforms) = postSolution
		{537F2A95-C337-4221-8427-078E49106C4F}.Debug|Any CPU.ActiveCfg = Debug|Any CPU
		{537F2A95-C337-4221-8427-078E49106C4F}.Debug|Any CPU.Build.0 = Debug|Any CPU
		{537F2A95-C337-4221-8427-078E49106C4F}.Release|Any CPU.ActiveCfg = Release|Any CPU
		{537F2A95-C337-4221-8427-078E49106C4F}.Release|Any CPU.Build.0 = Release|Any CPU
	EndGlobalSection
	GlobalSection(SolutionProperties) = preSolution
		HideSolutionNode = FALSE
	EndGlobalSection
EndGlobal
